
Microsoft Visual Studio Solution File, Format Version 12.00
# Visual Studio Version 16
VisualStudioVersion = 16.0.30523.141
MinimumVisualStudioVersion = 10.0.40219.1
Project("{FAE04EC0-301F-11D3-BF4B-00C04F79EFBC}") = "TCYDMWebServices", "TCYDMWebServices\TCYDMWebServices.csproj", "{1A205162-B178-4FC8-91AC-028E7FBC59CE}"
EndProject
Global
	GlobalSection(SolutionConfigurationPlatforms) = preSolution
		Debug|Any CPU = Debug|Any CPU
		Release|Any CPU = Release|Any CPU
	EndGlobalSection
	GlobalSection(ProjectConfigurationPlatforms) = postSolution
		{1A205162-B178-4FC8-91AC-028E7FBC59CE}.Debug|Any CPU.ActiveCfg = Debug|Any CPU
		{1A205162-B178-4FC8-91AC-028E7FBC59CE}.Debug|Any CPU.Build.0 = Debug|Any CPU
		{1A205162-B178-4FC8-91AC-028E7FBC59CE}.Release|Any CPU.ActiveCfg = Release|Any CPU
		{1A205162-B178-4FC8-91AC-028E7FBC59CE}.Release|Any CPU.Build.0 = Release|Any CPU
	EndGlobalSection
	GlobalSection(SolutionProperties) = preSolution
		HideSolutionNode = FALSE
	EndGlobalSection
	GlobalSection(ExtensibilityGlobals) = postSolution
		SolutionGuid = {B528EB56-4FA9-48D0-A638-297376926B37}
	EndGlobalSection
EndGlobal
